// !$*UTF8*$!
{
	archiveVersion = 1;
	classes = {
	};
	objectVersion = 50;
	objects = {

/* Begin PBXBuildFile section */
		9E95CCF3259BBFAF002877C8 /* LandmarksApp.swift in Sources */ = {isa = PBXBuildFile; fileRef = 9E95CCF2259BBFAF002877C8 /* LandmarksApp.swift */; };
		9E95CCF5259BBFAF002877C8 /* ContentView.swift in Sources */ = {isa = PBXBuildFile; fileRef = 9E95CCF4259BBFAF002877C8 /* ContentView.swift */; };
		9E95CCF7259BBFB2002877C8 /* Assets.xcassets in Resources */ = {isa = PBXBuildFile; fileRef = 9E95CCF6259BBFB2002877C8 /* Assets.xcassets */; };
		9E95CCFA259BBFB2002877C8 /* Preview Assets.xcassets in Resources */ = {isa = PBXBuildFile; fileRef = 9E95CCF9259BBFB2002877C8 /* Preview Assets.xcassets */; };
		9E95CD03259BC1EB002877C8 /* CircleImage.swift in Sources */ = {isa = PBXBuildFile; fileRef = 9E95CD02259BC1EB002877C8 /* CircleImage.swift */; };
		9E95CD06259BC3A3002877C8 /* MapView.swift in Sources */ = {isa = PBXBuildFile; fileRef = 9E95CD05259BC3A3002877C8 /* MapView.swift */; };
		9E95CD09259BCBB0002877C8 /* Landmark.swift in Sources */ = {isa = PBXBuildFile; fileRef = 9E95CD08259BCBB0002877C8 /* Landmark.swift */; };
		9E95CD0C259BCFC8002877C8 /* ModelData.swift in Sources */ = {isa = PBXBuildFile; fileRef = 9E95CD0B259BCFC8002877C8 /* ModelData.swift */; };
		9E95CD12259BD07F002877C8 /* landmarkData.json in Resources */ = {isa = PBXBuildFile; fileRef = 9E95CD11259BD07F002877C8 /* landmarkData.json */; };
		9E95CD15259BD0FF002877C8 /* LandmarkRow.swift in Sources */ = {isa = PBXBuildFile; fileRef = 9E95CD14259BD0FF002877C8 /* LandmarkRow.swift */; };
		9E95CD18259BD3B2002877C8 /* LandmarkList.swift in Sources */ = {isa = PBXBuildFile; fileRef = 9E95CD17259BD3B2002877C8 /* LandmarkList.swift */; };
		9E95CD1B259BDE85002877C8 /* LandmarkDetail.swift in Sources */ = {isa = PBXBuildFile; fileRef = 9E95CD1A259BDE85002877C8 /* LandmarkDetail.swift */; };
/* End PBXBuildFile section */

/* Begin PBXFileReference section */
		9E95CCEF259BBFAF002877C8 /* Landmarks.app */ = {isa = PBXFileReference; explicitFileType = wrapper.application; includeInIndex = 0; path = Landmarks.app; sourceTree = BUILT_PRODUCTS_DIR; };
		9E95CCF2259BBFAF002877C8 /* LandmarksApp.swift */ = {isa = PBXFileReference; lastKnownFileType = sourcecode.swift; path = LandmarksApp.swift; sourceTree = "<group>"; };
		9E95CCF4259BBFAF002877C8 /* ContentView.swift */ = {isa = PBXFileReference; lastKnownFileType = sourcecode.swift; path = ContentView.swift; sourceTree = "<group>"; };
		9E95CCF6259BBFB2002877C8 /* Assets.xcassets */ = {isa = PBXFileReference; lastKnownFileType = folder.assetcatalog; path = Assets.xcassets; sourceTree = "<group>"; };
		9E95CCF9259BBFB2002877C8 /* Preview Assets.xcassets */ = {isa = PBXFileReference; lastKnownFileType = folder.assetcatalog; path = "Preview Assets.xcassets"; sourceTree = "<group>"; };
		9E95CCFB259BBFB2002877C8 /* Info.plist */ = {isa = PBXFileReference; lastKnownFileType = text.plist.xml; path = Info.plist; sourceTree = "<group>"; };
		9E95CD02259BC1EB002877C8 /* CircleImage.swift */ = {isa = PBXFileReference; lastKnownFileType = sourcecode.swift; path = CircleImage.swift; sourceTree = "<group>"; };
		9E95CD05259BC3A3002877C8 /* MapView.swift */ = {isa = PBXFileReference; lastKnownFileType = sourcecode.swift; path = MapView.swift; sourceTree = "<group>"; };
		9E95CD08259BCBB0002877C8 /* Landmark.swift */ = {isa = PBXFileReference; lastKnownFileType = sourcecode.swift; path = Landmark.swift; sourceTree = "<group>"; };
		9E95CD0B259BCFC8002877C8 /* ModelData.swift */ = {isa = PBXFileReference; lastKnownFileType = sourcecode.swift; path = ModelData.swift; sourceTree = "<group>"; };
		9E95CD11259BD07F002877C8 /* landmarkData.json */ = {isa = PBXFileReference; fileEncoding = 4; lastKnownFileType = text.json; path = landmarkData.json; sourceTree = "<group>"; };
		9E95CD14259BD0FF002877C8 /* LandmarkRow.swift */ = {isa = PBXFileReference; lastKnownFileType = sourcecode.swift; path = LandmarkRow.swift; sourceTree = "<group>"; };
		9E95CD17259BD3B2002877C8 /* LandmarkList.swift */ = {isa = PBXFileReference; lastKnownFileType = sourcecode.swift; path = LandmarkList.swift; sourceTree = "<group>"; };
		9E95CD1A259BDE85002877C8 /* LandmarkDetail.swift */ = {isa = PBXFileReference; lastKnownFileType = sourcecode.swift; path = LandmarkDetail.swift; sourceTree = "<group>"; };
/* End PBXFileReference section */

/* Begin PBXFrameworksBuildPhase section */
		9E95CCEC259BBFAF002877C8 /* Frameworks */ = {
			isa = PBXFrameworksBuildPhase;
			buildActionMask = 2147483647;
			files = (
			);
			runOnlyForDeploymentPostprocessing = 0;
		};
/* End PBXFrameworksBuildPhase section */

/* Begin PBXGroup section */
		9E95CCE6259BBFAF002877C8 = {
			isa = PBXGroup;
			children = (
				9E95CCF1259BBFAF002877C8 /* Landmarks */,
				9E95CCF0259BBFAF002877C8 /* Products */,
			);
			sourceTree = "<group>";
		};
		9E95CCF0259BBFAF002877C8 /* Products */ = {
			isa = PBXGroup;
			children = (
				9E95CCEF259BBFAF002877C8 /* Landmarks.app */,
			);
			name = Products;
			sourceTree = "<group>";
		};
		9E95CCF1259BBFAF002877C8 /* Landmarks */ = {
			isa = PBXGroup;
			children = (
				9E95CCF2259BBFAF002877C8 /* LandmarksApp.swift */,
				9E95CD14259BD0FF002877C8 /* LandmarkRow.swift */,
				9E95CD17259BD3B2002877C8 /* LandmarkList.swift */,
				9E95CD1A259BDE85002877C8 /* LandmarkDetail.swift */,
				9E95CD10259BD04A002877C8 /* Resources */,
				9E95CD0F259BD035002877C8 /* Model */,
				9E95CD0E259BD010002877C8 /* Views */,
				9E95CCF6259BBFB2002877C8 /* Assets.xcassets */,
				9E95CCFB259BBFB2002877C8 /* Info.plist */,
				9E95CCF8259BBFB2002877C8 /* Preview Content */,
			);
			path = Landmarks;
			sourceTree = "<group>";
		};
		9E95CCF8259BBFB2002877C8 /* Preview Content */ = {
			isa = PBXGroup;
			children = (
				9E95CCF9259BBFB2002877C8 /* Preview Assets.xcassets */,
			);
			path = "Preview Content";
			sourceTree = "<group>";
		};
		9E95CD0E259BD010002877C8 /* Views */ = {
			isa = PBXGroup;
			children = (
				9E95CCF4259BBFAF002877C8 /* ContentView.swift */,
				9E95CD05259BC3A3002877C8 /* MapView.swift */,
				9E95CD02259BC1EB002877C8 /* CircleImage.swift */,
			);
			path = Views;
			sourceTree = "<group>";
		};
		9E95CD0F259BD035002877C8 /* Model */ = {
			isa = PBXGroup;
			children = (
				9E95CD08259BCBB0002877C8 /* Landmark.swift */,
				9E95CD0B259BCFC8002877C8 /* ModelData.swift */,
			);
			path = Model;
			sourceTree = "<group>";
		};
		9E95CD10259BD04A002877C8 /* Resources */ = {
			isa = PBXGroup;
			children = (
				9E95CD11259BD07F002877C8 /* landmarkData.json */,
			);
			path = Resources;
			sourceTree = "<group>";
		};
/* End PBXGroup section */

/* Begin PBXNativeTarget section */
		9E95CCEE259BBFAF002877C8 /* Landmarks */ = {
			isa = PBXNativeTarget;
			buildConfigurationList = 9E95CCFE259BBFB2002877C8 /* Build configuration list for PBXNativeTarget "Landmarks" */;
			buildPhases = (
				9E95CCEB259BBFAF002877C8 /* Sources */,
				9E95CCEC259BBFAF002877C8 /* Frameworks */,
				9E95CCED259BBFAF002877C8 /* Resources */,
			);
			buildRules = (
			);
			dependencies = (
			);
			name = Landmarks;
			productName = Landmarks;
			productReference = 9E95CCEF259BBFAF002877C8 /* Landmarks.app */;
			productType = "com.apple.product-type.application";
		};
/* End PBXNativeTarget section */

/* Begin PBXProject section */
		9E95CCE7259BBFAF002877C8 /* Project object */ = {
			isa = PBXProject;
			attributes = {
				LastSwiftUpdateCheck = 1230;
				LastUpgradeCheck = 1230;
				TargetAttributes = {
					9E95CCEE259BBFAF002877C8 = {
						CreatedOnToolsVersion = 12.3;
					};
				};
			};
			buildConfigurationList = 9E95CCEA259BBFAF002877C8 /* Build configuration list for PBXProject "Landmarks" */;
			compatibilityVersion = "Xcode 9.3";
			developmentRegion = en;
			hasScannedForEncodings = 0;
			knownRegions = (
				en,
				Base,
			);
			mainGroup = 9E95CCE6259BBFAF002877C8;
			productRefGroup = 9E95CCF0259BBFAF002877C8 /* Products */;
			projectDirPath = "";
			projectRoot = "";
			targets = (
				9E95CCEE259BBFAF002877C8 /* Landmarks */,
			);
		};
/* End PBXProject section */

/* Begin PBXResourcesBuildPhase section */
		9E95CCED259BBFAF002877C8 /* Resources */ = {
			isa = PBXResourcesBuildPhase;
			buildActionMask = 2147483647;
			files = (
				9E95CCFA259BBFB2002877C8 /* Preview Assets.xcassets in Resources */,
				9E95CCF7259BBFB2002877C8 /* Assets.xcassets in Resources */,
				9E95CD12259BD07F002877C8 /* landmarkData.json in Resources */,
			);
			runOnlyForDeploymentPostprocessing = 0;
		};
/* End PBXResourcesBuildPhase section */

/* Begin PBXSourcesBuildPhase section */
		9E95CCEB259BBFAF002877C8 /* Sources */ = {
			isa = PBXSourcesBuildPhase;
			buildActionMask = 2147483647;
			files = (
				9E95CCF5259BBFAF002877C8 /* ContentView.swift in Sources */,
				9E95CD06259BC3A3002877C8 /* MapView.swift in Sources */,
				9E95CCF3259BBFAF002877C8 /* LandmarksApp.swift in Sources */,
				9E95CD18259BD3B2002877C8 /* LandmarkList.swift in Sources */,
				9E95CD1B259BDE85002877C8 /* LandmarkDetail.swift in Sources */,
				9E95CD03259BC1EB002877C8 /* CircleImage.swift in Sources */,
				9E95CD09259BCBB0002877C8 /* Landmark.swift in Sources */,
				9E95CD15259BD0FF002877C8 /* LandmarkRow.swift in Sources */,
				9E95CD0C259BCFC8002877C8 /* ModelData.swift in Sources */,
			);
			runOnlyForDeploymentPostprocessing = 0;
		};
/* End PBXSourcesBuildPhase section */

/* Begin XCBuildConfiguration section */
		9E95CCFC259BBFB2002877C8 /* Debug */ = {
			isa = XCBuildConfiguration;
			buildSettings = {
				ALWAYS_SEARCH_USER_PATHS = NO;
				CLANG_ANALYZER_NONNULL = YES;
				CLANG_ANALYZER_NUMBER_OBJECT_CONVERSION = YES_AGGRESSIVE;
				CLANG_CXX_LANGUAGE_STANDARD = "gnu++14";
				CLANG_CXX_LIBRARY = "libc++";
				CLANG_ENABLE_MODULES = YES;
				CLANG_ENABLE_OBJC_ARC = YES;
				CLANG_ENABLE_OBJC_WEAK = YES;
				CLANG_WARN_BLOCK_CAPTURE_AUTORELEASING = YES;
				CLANG_WARN_BOOL_CONVERSION = YES;
				CLANG_WARN_COMMA = YES;
				CLANG_WARN_CONSTANT_CONVERSION = YES;
				CLANG_WARN_DEPRECATED_OBJC_IMPLEMENTATIONS = YES;
				CLANG_WARN_DIRECT_OBJC_ISA_USAGE = YES_ERROR;
				CLANG_WARN_DOCUMENTATION_COMMENTS = YES;
				CLANG_WARN_EMPTY_BODY = YES;
				CLANG_WARN_ENUM_CONVERSION = YES;
				CLANG_WARN_INFINITE_RECURSION = YES;
				CLANG_WARN_INT_CONVERSION = YES;
				CLANG_WARN_NON_LITERAL_NULL_CONVERSION = YES;
				CLANG_WARN_OBJC_IMPLICIT_RETAIN_SELF = YES;
				CLANG_WARN_OBJC_LITERAL_CONVERSION = YES;
				CLANG_WARN_OBJC_ROOT_CLASS = YES_ERROR;
				CLANG_WARN_QUOTED_INCLUDE_IN_FRAMEWORK_HEADER = YES;
				CLANG_WARN_RANGE_LOOP_ANALYSIS = YES;
				CLANG_WARN_STRICT_PROTOTYPES = YES;
				CLANG_WARN_SUSPICIOUS_MOVE = YES;
				CLANG_WARN_UNGUARDED_AVAILABILITY = YES_AGGRESSIVE;
				CLANG_WARN_UNREACHABLE_CODE = YES;
				CLANG_WARN__DUPLICATE_METHOD_MATCH = YES;
				COPY_PHASE_STRIP = NO;
				DEBUG_INFORMATION_FORMAT = dwarf;
				ENABLE_STRICT_OBJC_MSGSEND = YES;
				ENABLE_TESTABILITY = YES;
				GCC_C_LANGUAGE_STANDARD = gnu11;
				GCC_DYNAMIC_NO_PIC = NO;
				GCC_NO_COMMON_BLOCKS = YES;
				GCC_OPTIMIZATION_LEVEL = 0;
				GCC_PREPROCESSOR_DEFINITIONS = (
					"DEBUG=1",
					"$(inherited)",
				);
				GCC_WARN_64_TO_32_BIT_CONVERSION = YES;
				GCC_WARN_ABOUT_RETURN_TYPE = YES_ERROR;
				GCC_WARN_UNDECLARED_SELECTOR = YES;
				GCC_WARN_UNINITIALIZED_AUTOS = YES_AGGRESSIVE;
				GCC_WARN_UNUSED_FUNCTION = YES;
				GCC_WARN_UNUSED_VARIABLE = YES;
				IPHONEOS_DEPLOYMENT_TARGET = 14.3;
				MTL_ENABLE_DEBUG_INFO = INCLUDE_SOURCE;
				MTL_FAST_MATH = YES;
				ONLY_ACTIVE_ARCH = YES;
				SDKROOT = iphoneos;
				SWIFT_ACTIVE_COMPILATION_CONDITIONS = DEBUG;
				SWIFT_OPTIMIZATION_LEVEL = "-Onone";
			};
			name = Debug;
		};
		9E95CCFD259BBFB2002877C8 /* Release */ = {
			isa = XCBuildConfiguration;
			buildSettings = {
				ALWAYS_SEARCH_USER_PATHS = NO;
				CLANG_ANALYZER_NONNULL = YES;
				CLANG_ANALYZER_NUMBER_OBJECT_CONVERSION = YES_AGGRESSIVE;
				CLANG_CXX_LANGUAGE_STANDARD = "gnu++14";
				CLANG_CXX_LIBRARY = "libc++";
				CLANG_ENABLE_MODULES = YES;
				CLANG_ENABLE_OBJC_ARC = YES;
				CLANG_ENABLE_OBJC_WEAK = YES;
				CLANG_WARN_BLOCK_CAPTURE_AUTORELEASING = YES;
				CLANG_WARN_BOOL_CONVERSION = YES;
				CLANG_WARN_COMMA = YES;
				CLANG_WARN_CONSTANT_CONVERSION = YES;
				CLANG_WARN_DEPRECATED_OBJC_IMPLEMENTATIONS = YES;
				CLANG_WARN_DIRECT_OBJC_ISA_USAGE = YES_ERROR;
				CLANG_WARN_DOCUMENTATION_COMMENTS = YES;
				CLANG_WARN_EMPTY_BODY = YES;
				CLANG_WARN_ENUM_CONVERSION = YES;
				CLANG_WARN_INFINITE_RECURSION = YES;
				CLANG_WARN_INT_CONVERSION = YES;
				CLANG_WARN_NON_LITERAL_NULL_CONVERSION = YES;
				CLANG_WARN_OBJC_IMPLICIT_RETAIN_SELF = YES;
				CLANG_WARN_OBJC_LITERAL_CONVERSION = YES;
				CLANG_WARN_OBJC_ROOT_CLASS = YES_ERROR;
				CLANG_WARN_QUOTED_INCLUDE_IN_FRAMEWORK_HEADER = YES;
				CLANG_WARN_RANGE_LOOP_ANALYSIS = YES;
				CLANG_WARN_STRICT_PROTOTYPES = YES;
				CLANG_WARN_SUSPICIOUS_MOVE = YES;
				CLANG_WARN_UNGUARDED_AVAILABILITY = YES_AGGRESSIVE;
				CLANG_WARN_UNREACHABLE_CODE = YES;
				CLANG_WARN__DUPLICATE_METHOD_MATCH = YES;
				COPY_PHASE_STRIP = NO;
				DEBUG_INFORMATION_FORMAT = "dwarf-with-dsym";
				ENABLE_NS_ASSERTIONS = NO;
				ENABLE_STRICT_OBJC_MSGSEND = YES;
				GCC_C_LANGUAGE_STANDARD = gnu11;
				GCC_NO_COMMON_BLOCKS = YES;
				GCC_WARN_64_TO_32_BIT_CONVERSION = YES;
				GCC_WARN_ABOUT_RETURN_TYPE = YES_ERROR;
				GCC_WARN_UNDECLARED_SELECTOR = YES;
				GCC_WARN_UNINITIALIZED_AUTOS = YES_AGGRESSIVE;
				GCC_WARN_UNUSED_FUNCTION = YES;
				GCC_WARN_UNUSED_VARIABLE = YES;
				IPHONEOS_DEPLOYMENT_TARGET = 14.3;
				MTL_ENABLE_DEBUG_INFO = NO;
				MTL_FAST_MATH = YES;
				SDKROOT = iphoneos;
				SWIFT_COMPILATION_MODE = wholemodule;
				SWIFT_OPTIMIZATION_LEVEL = "-O";
				VALIDATE_PRODUCT = YES;
			};
			name = Release;
		};
		9E95CCFF259BBFB2002877C8 /* Debug */ = {
			isa = XCBuildConfiguration;
			buildSettings = {
				ASSETCATALOG_COMPILER_APPICON_NAME = AppIcon;
				ASSETCATALOG_COMPILER_GLOBAL_ACCENT_COLOR_NAME = AccentColor;
				CODE_SIGN_STYLE = Automatic;
				DEVELOPMENT_ASSET_PATHS = "\"Landmarks/Preview Content\"";
				DEVELOPMENT_TEAM = AHTY5UDGXR;
				ENABLE_PREVIEWS = YES;
				INFOPLIST_FILE = Landmarks/Info.plist;
				IPHONEOS_DEPLOYMENT_TARGET = 14.0;
				LD_RUNPATH_SEARCH_PATHS = (
					"$(inherited)",
					"@executable_path/Frameworks",
				);
				PRODUCT_BUNDLE_IDENTIFIER = Zian.Landmarks;
				PRODUCT_NAME = "$(TARGET_NAME)";
				SWIFT_VERSION = 5.0;
				TARGETED_DEVICE_FAMILY = "1,2";
			};
			name = Debug;
		};
		9E95CD00259BBFB2002877C8 /* Release */ = {
			isa = XCBuildConfiguration;
			buildSettings = {
				ASSETCATALOG_COMPILER_APPICON_NAME = AppIcon;
				ASSETCATALOG_COMPILER_GLOBAL_ACCENT_COLOR_NAME = AccentColor;
				CODE_SIGN_STYLE = Automatic;
				DEVELOPMENT_ASSET_PATHS = "\"Landmarks/Preview Content\"";
				DEVELOPMENT_TEAM = AHTY5UDGXR;
				ENABLE_PREVIEWS = YES;
				INFOPLIST_FILE = Landmarks/Info.plist;
				IPHONEOS_DEPLOYMENT_TARGET = 14.0;
				LD_RUNPATH_SEARCH_PATHS = (
					"$(inherited)",
					"@executable_path/Frameworks",
				);
				PRODUCT_BUNDLE_IDENTIFIER = Zian.Landmarks;
				PRODUCT_NAME = "$(TARGET_NAME)";
				SWIFT_VERSION = 5.0;
				TARGETED_DEVICE_FAMILY = "1,2";
			};
			name = Release;
		};
/* End XCBuildConfiguration section */

/* Begin XCConfigurationList section */
		9E95CCEA259BBFAF002877C8 /* Build configuration list for PBXProject "Landmarks" */ = {
			isa = XCConfigurationList;
			buildConfigurations = (
				9E95CCFC259BBFB2002877C8 /* Debug */,
				9E95CCFD259BBFB2002877C8 /* Release */,
			);
			defaultConfigurationIsVisible = 0;
			defaultConfigurationName = Release;
		};
		9E95CCFE259BBFB2002877C8 /* Build configuration list for PBXNativeTarget "Landmarks" */ = {
			isa = XCConfigurationList;
			buildConfigurations = (
				9E95CCFF259BBFB2002877C8 /* Debug */,
				9E95CD00259BBFB2002877C8 /* Release */,
			);
			defaultConfigurationIsVisible = 0;
			defaultConfigurationName = Release;
		};
/* End XCConfigurationList section */
	};
	rootObject = 9E95CCE7259BBFAF002877C8 /* Project object */;
}
